
Microsoft Visual Studio Solution File, Format Version 12.00
# Visual Studio 15
VisualStudioVersion = 15.0.26730.10
MinimumVisualStudioVersion = 10.0.40219.1
Project("{FAE04EC0-301F-11D3-BF4B-00C04F79EFBC}") = "Cliche", "Cliche\Cliche.csproj", "{35DD62BE-D650-4430-B6ED-232F695FE4E9}"
EndProject
Global
	GlobalSection(SolutionConfigurationPlatforms) = preSolution
		Debug|ARM = Debug|ARM
		Debug|x64 = Debug|x64
		Debug|x86 = Debug|x86
		Release|ARM = Release|ARM
		Release|x64 = Release|x64
		Release|x86 = Release|x86
	EndGlobalSection
	GlobalSection(ProjectConfigurationPlatforms) = postSolution
		{35DD62BE-D650-4430-B6ED-232F695FE4E9}.Debug|ARM.ActiveCfg = Debug|ARM
		{35DD62BE-D650-4430-B6ED-232F695FE4E9}.Debug|ARM.Build.0 = Debug|ARM
		{35DD62BE-D650-4430-B6ED-232F695FE4E9}.Debug|ARM.Deploy.0 = Debug|ARM
		{35DD62BE-D650-4430-B6ED-232F695FE4E9}.Debug|x64.ActiveCfg = Debug|x64
		{35DD62BE-D650-4430-B6ED-232F695FE4E9}.Debug|x64.Build.0 = Debug|x64
		{35DD62BE-D650-4430-B6ED-232F695FE4E9}.Debug|x64.Deploy.0 = Debug|x64
		{35DD62BE-D650-4430-B6ED-232F695FE4E9}.Debug|x86.ActiveCfg = Debug|x86
		{35DD62BE-D650-4430-B6ED-232F695FE4E9}.Debug|x86.Build.0 = Debug|x86
		{35DD62BE-D650-4430-B6ED-232F695FE4E9}.Debug|x86.Deploy.0 = Debug|x86
		{35DD62BE-D650-4430-B6ED-232F695FE4E9}.Release|ARM.ActiveCfg = Release|ARM
		{35DD62BE-D650-4430-B6ED-232F695FE4E9}.Release|ARM.Build.0 = Release|ARM
		{35DD62BE-D650-4430-B6ED-232F695FE4E9}.Release|ARM.Deploy.0 = Release|ARM
		{35DD62BE-D650-4430-B6ED-232F695FE4E9}.Release|x64.ActiveCfg = Release|x64
		{35DD62BE-D650-4430-B6ED-232F695FE4E9}.Release|x64.Build.0 = Release|x64
		{35DD62BE-D650-4430-B6ED-232F695FE4E9}.Release|x64.Deploy.0 = Release|x64
		{35DD62BE-D650-4430-B6ED-232F695FE4E9}.Release|x86.ActiveCfg = Release|x86
		{35DD62BE-D650-4430-B6ED-232F695FE4E9}.Release|x86.Build.0 = Release|x86
		{35DD62BE-D650-4430-B6ED-232F695FE4E9}.Release|x86.Deploy.0 = Release|x86
	EndGlobalSection
	GlobalSection(SolutionProperties) = preSolution
		HideSolutionNode = FALSE
	EndGlobalSection
	GlobalSection(ExtensibilityGlobals) = postSolution
		SolutionGuid = {7EAC3A3E-AC9B-4944-8F45-97738F265890}
	EndGlobalSection
EndGlobal
